
Microsoft Visual Studio Solution File, Format Version 12.00
# Visual Studio Version 16
VisualStudioVersion = 16.0.31410.357
MinimumVisualStudioVersion = 10.0.40219.1
Project("{FAE04EC0-301F-11D3-BF4B-00C04F79EFBC}") = "Modding Utils", "Modding Utils.csproj", "{EE530602-1708-40DD-9117-6247877F5591}"
EndProject
Global
	GlobalSection(SolutionConfigurationPlatforms) = preSolution
		Debug|Any CPU = Debug|Any CPU
		Release|Any CPU = Release|Any CPU
	EndGlobalSection
	GlobalSection(ProjectConfigurationPlatforms) = postSolution
		{EE530602-1708-40DD-9117-6247877F5591}.Debug|Any CPU.ActiveCfg = Debug|Any CPU
		{EE530602-1708-40DD-9117-6247877F5591}.Debug|Any CPU.Build.0 = Debug|Any CPU
		{EE530602-1708-40DD-9117-6247877F5591}.Release|Any CPU.ActiveCfg = Release|Any CPU
		{EE530602-1708-40DD-9117-6247877F5591}.Release|Any CPU.Build.0 = Release|Any CPU
	EndGlobalSection
	GlobalSection(SolutionProperties) = preSolution
		HideSolutionNode = FALSE
	EndGlobalSection
	GlobalSection(ExtensibilityGlobals) = postSolution
		SolutionGuid = {4223FE01-249F-484C-987D-D6F69F1D1584}
	EndGlobalSection
EndGlobal
